
Microsoft Visual Studio Solution File, Format Version 12.00
# Visual Studio Version 17
VisualStudioVersion = 17.9.34723.18
MinimumVisualStudioVersion = 10.0.40219.1
Project("{FAE04EC0-301F-11D3-BF4B-00C04F79EFBC}") = "CodeSnippetManager", "CodeSnippetManager\CodeSnippetManager\CodeSnippetManager.csproj", "{251D2D4A-A013-470A-B0BB-B09066708DB3}"
EndProject
Project("{FAE04EC0-301F-11D3-BF4B-00C04F79EFBC}") = "CodeSnippetManager.Client", "CodeSnippetManager\CodeSnippetManager.Client\CodeSnippetManager.Client.csproj", "{03515DF3-8756-4C0F-8C65-0CFF2C4141EA}"
EndProject
Global
	GlobalSection(SolutionConfigurationPlatforms) = preSolution
		Debug|Any CPU = Debug|Any CPU
		Release|Any CPU = Release|Any CPU
	EndGlobalSection
	GlobalSection(ProjectConfigurationPlatforms) = postSolution
		{251D2D4A-A013-470A-B0BB-B09066708DB3}.Debug|Any CPU.ActiveCfg = Debug|Any CPU
		{251D2D4A-A013-470A-B0BB-B09066708DB3}.Debug|Any CPU.Build.0 = Debug|Any CPU
		{251D2D4A-A013-470A-B0BB-B09066708DB3}.Release|Any CPU.ActiveCfg = Release|Any CPU
		{251D2D4A-A013-470A-B0BB-B09066708DB3}.Release|Any CPU.Build.0 = Release|Any CPU
		{03515DF3-8756-4C0F-8C65-0CFF2C4141EA}.Debug|Any CPU.ActiveCfg = Debug|Any CPU
		{03515DF3-8756-4C0F-8C65-0CFF2C4141EA}.Debug|Any CPU.Build.0 = Debug|Any CPU
		{03515DF3-8756-4C0F-8C65-0CFF2C4141EA}.Release|Any CPU.ActiveCfg = Release|Any CPU
		{03515DF3-8756-4C0F-8C65-0CFF2C4141EA}.Release|Any CPU.Build.0 = Release|Any CPU
	EndGlobalSection
	GlobalSection(SolutionProperties) = preSolution
		HideSolutionNode = FALSE
	EndGlobalSection
	GlobalSection(ExtensibilityGlobals) = postSolution
		SolutionGuid = {D5DD09A8-2DB3-49CA-8C22-4206C254C74E}
	EndGlobalSection
EndGlobal
