
Microsoft Visual Studio Solution File, Format Version 12.00
# Visual Studio Version 17
VisualStudioVersion = 17.9.34723.18
MinimumVisualStudioVersion = 10.0.40219.1
Project("{FAE04EC0-301F-11D3-BF4B-00C04F79EFBC}") = "CodeSnippetManager", "CodeSnippetManager\CodeSnippetManager\CodeSnippetManager.csproj", "{3A2D368E-5674-4F30-B666-34FA0C4F86B6}"
EndProject
Project("{FAE04EC0-301F-11D3-BF4B-00C04F79EFBC}") = "CodeSnippetManager.Client", "CodeSnippetManager\CodeSnippetManager.Client\CodeSnippetManager.Client.csproj", "{1FCA630A-F983-4A13-9A0C-C3A4BF5155C4}"
EndProject
Global
	GlobalSection(SolutionConfigurationPlatforms) = preSolution
		Debug|Any CPU = Debug|Any CPU
		Release|Any CPU = Release|Any CPU
	EndGlobalSection
	GlobalSection(ProjectConfigurationPlatforms) = postSolution
		{3A2D368E-5674-4F30-B666-34FA0C4F86B6}.Debug|Any CPU.ActiveCfg = Debug|Any CPU
		{3A2D368E-5674-4F30-B666-34FA0C4F86B6}.Debug|Any CPU.Build.0 = Debug|Any CPU
		{3A2D368E-5674-4F30-B666-34FA0C4F86B6}.Release|Any CPU.ActiveCfg = Release|Any CPU
		{3A2D368E-5674-4F30-B666-34FA0C4F86B6}.Release|Any CPU.Build.0 = Release|Any CPU
		{1FCA630A-F983-4A13-9A0C-C3A4BF5155C4}.Debug|Any CPU.ActiveCfg = Debug|Any CPU
		{1FCA630A-F983-4A13-9A0C-C3A4BF5155C4}.Debug|Any CPU.Build.0 = Debug|Any CPU
		{1FCA630A-F983-4A13-9A0C-C3A4BF5155C4}.Release|Any CPU.ActiveCfg = Release|Any CPU
		{1FCA630A-F983-4A13-9A0C-C3A4BF5155C4}.Release|Any CPU.Build.0 = Release|Any CPU
	EndGlobalSection
	GlobalSection(SolutionProperties) = preSolution
		HideSolutionNode = FALSE
	EndGlobalSection
	GlobalSection(ExtensibilityGlobals) = postSolution
		SolutionGuid = {C7BA26C1-408C-4C35-BA6C-B322BC18A6ED}
	EndGlobalSection
EndGlobal
